{
  "format_version": "1.2",
  "terraform_version": "1.12.2",
  "planned_values": {
    "root_module": {
      "resources": [
        {
          "address": "aws_autoscaling_group.ecs",
          "mode": "managed",
          "type": "aws_autoscaling_group",
          "name": "ecs",
          "provider_name": "registry.terraform.io/hashicorp/aws",
          "schema_version": 1,
          "values": {
            "capacity_rebalance": null,
            "context": null,
            "default_instance_warmup": null,
            "desired_capacity": 2,
            "desired_capacity_type": null,
            "enabled_metrics": null,
            "force_delete": false,
            "force_delete_warm_pool": false,
            "health_check_grace_period": 300,
            "health_check_type": "EC2",
            "ignore_failed_scaling_activities": false,
            "initial_lifecycle_hook": [],
            "instance_maintenance_policy": [],
            "instance_refresh": [],
            "launch_configuration": null,
            "launch_template": [
              {
                "version": "$Latest"
              }
            ],
            "max_instance_lifetime": null,
            "max_size": 5,
            "metrics_granularity": "1Minute",
            "min_elb_capacity": null,
            "min_size": 1,
            "name_prefix": "ecs-asg-",
            "placement_group": null,
            "protect_from_scale_in": true,
            "suspended_processes": null,
            "tag": [
              {
                "key": "AmazonECSManaged",
                "propagate_at_launch": true,
                "value": "true"
              }
            ],
            "termination_policies": null,
            "timeouts": null,
            "wait_for_capacity_timeout": "10m",
            "wait_for_elb_capacity": null,
            "warm_pool": []
          },
          "sensitive_values": {
            "availability_zone_distribution": [],
            "availability_zones": [],
            "initial_lifecycle_hook": [],
            "instance_maintenance_policy": [],
            "instance_refresh": [],
            "launch_template": [
              {}
            ],
            "load_balancers": [],
            "mixed_instances_policy": [],
            "tag": [
              {}
            ],
            "target_group_arns": [],
            "traffic_source": [],
            "vpc_zone_identifier": [],
            "warm_pool": []
          }
        },
        {
          "address": "aws_ecs_capacity_provider.ec2",
          "mode": "managed",
          "type": "aws_ecs_capacity_provider",
          "name": "ec2",
          "provider_name": "registry.terraform.io/hashicorp/aws",
          "schema_version": 0,
          "values": {
            "auto_scaling_group_provider": [
              {
                "managed_scaling": [
                  {
                    "maximum_scaling_step_size": 5,
                    "minimum_scaling_step_size": 1,
                    "status": "ENABLED",
                    "target_capacity": 90
                  }
                ],
                "managed_termination_protection": "ENABLED"
              }
            ],
            "name": "ec2-capacity-provider",
            "tags": null
          },
          "sensitive_values": {
            "auto_scaling_group_provider": [
              {
                "managed_scaling": [
                  {}
                ]
              }
            ],
            "tags_all": {}
          }
        },
        {
          "address": "aws_ecs_cluster.main",
          "mode": "managed",
          "type": "aws_ecs_cluster",
          "name": "main",
          "provider_name": "registry.terraform.io/hashicorp/aws",
          "schema_version": 0,
          "values": {
            "configuration": [],
            "name": "my-ecs-cluster",
            "service_connect_defaults": [],
            "tags": null
          },
          "sensitive_values": {
            "configuration": [],
            "service_connect_defaults": [],
            "setting": [],
            "tags_all": {}
          }
        },
        {
          "address": "aws_ecs_cluster_capacity_providers.main",
          "mode": "managed",
          "type": "aws_ecs_cluster_capacity_providers",
          "name": "main",
          "provider_name": "registry.terraform.io/hashicorp/aws",
          "schema_version": 0,
          "values": {
            "capacity_providers": [
              "ec2-capacity-provider"
            ],
            "cluster_name": "my-ecs-cluster",
            "default_capacity_provider_strategy": [
              {
                "base": 0,
                "capacity_provider": "ec2-capacity-provider",
                "weight": 1
              }
            ]
          },
          "sensitive_values": {
            "capacity_providers": [
              false
            ],
            "default_capacity_provider_strategy": [
              {}
            ]
          }
        },
        {
          "address": "aws_ecs_service.nginx",
          "mode": "managed",
          "type": "aws_ecs_service",
          "name": "nginx",
          "provider_name": "registry.terraform.io/hashicorp/aws",
          "schema_version": 1,
          "values": {
            "alarms": [],
            "availability_zone_rebalancing": "DISABLED",
            "capacity_provider_strategy": [],
            "deployment_circuit_breaker": [],
            "deployment_controller": [],
            "deployment_maximum_percent": 200,
            "deployment_minimum_healthy_percent": 100,
            "desired_count": 2,
            "enable_ecs_managed_tags": false,
            "enable_execute_command": false,
            "force_delete": null,
            "force_new_deployment": null,
            "health_check_grace_period_seconds": null,
            "launch_type": "EC2",
            "load_balancer": [],
            "name": "nginx-service",
            "network_configuration": [
              {
                "assign_public_ip": true
              }
            ],
            "ordered_placement_strategy": [],
            "placement_constraints": [],
            "propagate_tags": null,
            "scheduling_strategy": "REPLICA",
            "service_connect_configuration": [],
            "service_registries": [],
            "tags": null,
            "timeouts": null,
            "volume_configuration": [],
            "vpc_lattice_configurations": [],
            "wait_for_steady_state": false
          },
          "sensitive_values": {
            "alarms": [],
            "capacity_provider_strategy": [],
            "deployment_circuit_breaker": [],
            "deployment_controller": [],
            "load_balancer": [],
            "network_configuration": [
              {
                "security_groups": [],
                "subnets": []
              }
            ],
            "ordered_placement_strategy": [],
            "placement_constraints": [],
            "service_connect_configuration": [],
            "service_registries": [],
            "tags_all": {},
            "triggers": {},
            "volume_configuration": [],
            "vpc_lattice_configurations": []
          }
        },
        {
          "address": "aws_ecs_task_definition.nginx",
          "mode": "managed",
          "type": "aws_ecs_task_definition",
          "name": "nginx",
          "provider_name": "registry.terraform.io/hashicorp/aws",
          "schema_version": 1,
          "values": {
            "container_definitions": "[{\"cpu\":256,\"essential\":true,\"image\":\"nginx:alpine\",\"memory\":512,\"name\":\"nginx\",\"portMappings\":[{\"containerPort\":80,\"hostPort\":80}]}]",
            "cpu": "256",
            "ephemeral_storage": [],
            "execution_role_arn": "arn:aws:iam::aws:policy/service-role/AmazonECSTaskExecutionRolePolicy",
            "family": "nginx-demo",
            "inference_accelerator": [],
            "ipc_mode": null,
            "memory": "512",
            "network_mode": "awsvpc",
            "pid_mode": null,
            "placement_constraints": [],
            "proxy_configuration": [],
            "requires_compatibilities": [
              "EC2"
            ],
            "runtime_platform": [],
            "skip_destroy": false,
            "tags": null,
            "task_role_arn": null,
            "track_latest": false,
            "volume": []
          },
          "sensitive_values": {
            "ephemeral_storage": [],
            "inference_accelerator": [],
            "placement_constraints": [],
            "proxy_configuration": [],
            "requires_compatibilities": [
              false
            ],
            "runtime_platform": [],
            "tags_all": {},
            "volume": []
          }
        },
        {
          "address": "aws_iam_instance_profile.ecs_agent",
          "mode": "managed",
          "type": "aws_iam_instance_profile",
          "name": "ecs_agent",
          "provider_name": "registry.terraform.io/hashicorp/aws",
          "schema_version": 0,
          "values": {
            "name": "ecs-agent-profile",
            "path": "/",
            "role": "ecs-agent-role",
            "tags": null
          },
          "sensitive_values": {
            "tags_all": {}
          }
        },
        {
          "address": "aws_iam_role.ecs_agent",
          "mode": "managed",
          "type": "aws_iam_role",
          "name": "ecs_agent",
          "provider_name": "registry.terraform.io/hashicorp/aws",
          "schema_version": 0,
          "values": {
            "assume_role_policy": "{\"Statement\":[{\"Action\":\"sts:AssumeRole\",\"Effect\":\"Allow\",\"Principal\":{\"Service\":\"ec2.amazonaws.com\"}}],\"Version\":\"2012-10-17\"}",
            "description": null,
            "force_detach_policies": false,
            "max_session_duration": 3600,
            "name": "ecs-agent-role",
            "path": "/",
            "permissions_boundary": null,
            "tags": null
          },
          "sensitive_values": {
            "inline_policy": [],
            "managed_policy_arns": [],
            "tags_all": {}
          }
        },
        {
          "address": "aws_iam_role_policy_attachment.ecs_agent_policy",
          "mode": "managed",
          "type": "aws_iam_role_policy_attachment",
          "name": "ecs_agent_policy",
          "provider_name": "registry.terraform.io/hashicorp/aws",
          "schema_version": 0,
          "values": {
            "policy_arn": "arn:aws:iam::aws:policy/service-role/AmazonEC2ContainerServiceforEC2Role",
            "role": "ecs-agent-role"
          },
          "sensitive_values": {}
        },
        {
          "address": "aws_internet_gateway.igw",
          "mode": "managed",
          "type": "aws_internet_gateway",
          "name": "igw",
          "provider_name": "registry.terraform.io/hashicorp/aws",
          "schema_version": 0,
          "values": {
            "tags": null,
            "timeouts": null
          },
          "sensitive_values": {
            "tags_all": {}
          }
        },
        {
          "address": "aws_launch_template.ecs_lt",
          "mode": "managed",
          "type": "aws_launch_template",
          "name": "ecs_lt",
          "provider_name": "registry.terraform.io/hashicorp/aws",
          "schema_version": 0,
          "values": {
            "block_device_mappings": [],
            "capacity_reservation_specification": [],
            "cpu_options": [],
            "credit_specification": [],
            "description": null,
            "disable_api_stop": null,
            "disable_api_termination": null,
            "ebs_optimized": null,
            "elastic_gpu_specifications": [],
            "elastic_inference_accelerator": [],
            "enclave_options": [],
            "hibernation_options": [],
            "iam_instance_profile": [
              {
                "arn": null,
                "name": "ecs-agent-profile"
              }
            ],
            "image_id": "nginx",
            "instance_initiated_shutdown_behavior": null,
            "instance_market_options": [],
            "instance_requirements": [],
            "instance_type": "t3.medium",
            "kernel_id": null,
            "key_name": null,
            "license_specification": [],
            "maintenance_options": [],
            "monitoring": [],
            "name_prefix": "ecs-ec2-lt-",
            "network_interfaces": [
              {
                "associate_carrier_ip_address": null,
                "associate_public_ip_address": "true",
                "connection_tracking_specification": [],
                "delete_on_termination": null,
                "description": null,
                "device_index": null,
                "interface_type": null,
                "ipv4_address_count": null,
                "ipv4_addresses": null,
                "ipv4_prefix_count": null,
                "ipv4_prefixes": null,
                "ipv6_address_count": null,
                "ipv6_addresses": null,
                "ipv6_prefix_count": null,
                "ipv6_prefixes": null,
                "network_card_index": null,
                "network_interface_id": null,
                "primary_ipv6": null,
                "private_ip_address": null,
                "subnet_id": null
              }
            ],
            "placement": [],
            "private_dns_name_options": [],
            "ram_disk_id": null,
            "security_group_names": null,
            "tag_specifications": [
              {
                "resource_type": "instance",
                "tags": {
                  "Name": "ECS-EC2-instance"
                }
              }
            ],
            "tags": null,
            "update_default_version": null,
            "user_data": "IyEvYmluL2Jhc2gKZWNobyBFQ1NfQ0xVU1RFUj1teS1lY3MtY2x1c3RlciA+PiAvZXRjL2Vjcy9lY3MuY29uZmlnCiMgT3B0aW9uYWw6IG1vcmUgdHVuaW5nCiMgZWNobyBFQ1NfRU5BQkxFX0NPTlRBSU5FUl9NRVRBREFUQT10cnVlID4+IC9ldGMvZWNzL2Vjcy5jb25maWcK",
            "vpc_security_group_ids": null
          },
          "sensitive_values": {
            "block_device_mappings": [],
            "capacity_reservation_specification": [],
            "cpu_options": [],
            "credit_specification": [],
            "elastic_gpu_specifications": [],
            "elastic_inference_accelerator": [],
            "enclave_options": [],
            "hibernation_options": [],
            "iam_instance_profile": [
              {}
            ],
            "instance_market_options": [],
            "instance_requirements": [],
            "license_specification": [],
            "maintenance_options": [],
            "metadata_options": [],
            "monitoring": [],
            "network_interfaces": [
              {
                "connection_tracking_specification": [],
                "security_groups": []
              }
            ],
            "placement": [],
            "private_dns_name_options": [],
            "tag_specifications": [
              {
                "tags": {}
              }
            ],
            "tags_all": {}
          }
        },
        {
          "address": "aws_route_table.public",
          "mode": "managed",
          "type": "aws_route_table",
          "name": "public",
          "provider_name": "registry.terraform.io/hashicorp/aws",
          "schema_version": 0,
          "values": {
            "route": [
              {
                "carrier_gateway_id": "",
                "cidr_block": "0.0.0.0/0",
                "core_network_arn": "",
                "destination_prefix_list_id": "",
                "egress_only_gateway_id": "",
                "ipv6_cidr_block": "",
                "local_gateway_id": "",
                "nat_gateway_id": "",
                "network_interface_id": "",
                "transit_gateway_id": "",
                "vpc_endpoint_id": "",
                "vpc_peering_connection_id": ""
              }
            ],
            "tags": null,
            "timeouts": null
          },
          "sensitive_values": {
            "propagating_vgws": [],
            "route": [
              {}
            ],
            "tags_all": {}
          }
        },
        {
          "address": "aws_route_table_association.a",
          "mode": "managed",
          "type": "aws_route_table_association",
          "name": "a",
          "provider_name": "registry.terraform.io/hashicorp/aws",
          "schema_version": 0,
          "values": {
            "gateway_id": null,
            "timeouts": null
          },
          "sensitive_values": {}
        },
        {
          "address": "aws_route_table_association.b",
          "mode": "managed",
          "type": "aws_route_table_association",
          "name": "b",
          "provider_name": "registry.terraform.io/hashicorp/aws",
          "schema_version": 0,
          "values": {
            "gateway_id": null,
            "timeouts": null
          },
          "sensitive_values": {}
        },
        {
          "address": "aws_security_group.alb",
          "mode": "managed",
          "type": "aws_security_group",
          "name": "alb",
          "provider_name": "registry.terraform.io/hashicorp/aws",
          "schema_version": 1,
          "values": {
            "description": "Managed by Terraform",
            "egress": [
              {
                "cidr_blocks": [
                  "0.0.0.0/0"
                ],
                "description": "",
                "from_port": 0,
                "ipv6_cidr_blocks": [],
                "prefix_list_ids": [],
                "protocol": "-1",
                "security_groups": [],
                "self": false,
                "to_port": 0
              }
            ],
            "ingress": [
              {
                "cidr_blocks": [
                  "0.0.0.0/0"
                ],
                "description": "",
                "from_port": 80,
                "ipv6_cidr_blocks": [],
                "prefix_list_ids": [],
                "protocol": "tcp",
                "security_groups": [],
                "self": false,
                "to_port": 80
              }
            ],
            "name": "alb-sg",
            "revoke_rules_on_delete": false,
            "tags": null,
            "timeouts": null
          },
          "sensitive_values": {
            "egress": [
              {
                "cidr_blocks": [
                  false
                ],
                "ipv6_cidr_blocks": [],
                "prefix_list_ids": [],
                "security_groups": []
              }
            ],
            "ingress": [
              {
                "cidr_blocks": [
                  false
                ],
                "ipv6_cidr_blocks": [],
                "prefix_list_ids": [],
                "security_groups": []
              }
            ],
            "tags_all": {}
          }
        },
        {
          "address": "aws_security_group.ecs_instances",
          "mode": "managed",
          "type": "aws_security_group",
          "name": "ecs_instances",
          "provider_name": "registry.terraform.io/hashicorp/aws",
          "schema_version": 1,
          "values": {
            "description": "Managed by Terraform",
            "egress": [
              {
                "cidr_blocks": [
                  "0.0.0.0/0"
                ],
                "description": "",
                "from_port": 0,
                "ipv6_cidr_blocks": [],
                "prefix_list_ids": [],
                "protocol": "-1",
                "security_groups": [],
                "self": false,
                "to_port": 0
              }
            ],
            "ingress": [
              {
                "cidr_blocks": [
                  "YOUR_IP/32"
                ],
                "description": "",
                "from_port": 22,
                "ipv6_cidr_blocks": [],
                "prefix_list_ids": [],
                "protocol": "tcp",
                "security_groups": [],
                "self": false,
                "to_port": 22
              },
              {
                "cidr_blocks": [],
                "description": "",
                "from_port": 0,
                "ipv6_cidr_blocks": [],
                "prefix_list_ids": [],
                "protocol": "-1",
                "self": false,
                "to_port": 0
              }
            ],
            "name": "ecs-instances-sg",
            "revoke_rules_on_delete": false,
            "tags": null,
            "timeouts": null
          },
          "sensitive_values": {
            "egress": [
              {
                "cidr_blocks": [
                  false
                ],
                "ipv6_cidr_blocks": [],
                "prefix_list_ids": [],
                "security_groups": []
              }
            ],
            "ingress": [
              {
                "cidr_blocks": [
                  false
                ],
                "ipv6_cidr_blocks": [],
                "prefix_list_ids": [],
                "security_groups": []
              },
              {
                "cidr_blocks": [],
                "ipv6_cidr_blocks": [],
                "prefix_list_ids": [],
                "security_groups": []
              }
            ],
            "tags_all": {}
          }
        },
        {
          "address": "aws_subnet.public_a",
          "mode": "managed",
          "type": "aws_subnet",
          "name": "public_a",
          "provider_name": "registry.terraform.io/hashicorp/aws",
          "schema_version": 1,
          "values": {
            "assign_ipv6_address_on_creation": false,
            "availability_zone": "eu-west-1a",
            "cidr_block": "10.77.1.0/24",
            "customer_owned_ipv4_pool": null,
            "enable_dns64": false,
            "enable_lni_at_device_index": null,
            "enable_resource_name_dns_a_record_on_launch": false,
            "enable_resource_name_dns_aaaa_record_on_launch": false,
            "ipv6_cidr_block": null,
            "ipv6_native": false,
            "map_customer_owned_ip_on_launch": null,
            "map_public_ip_on_launch": false,
            "outpost_arn": null,
            "tags": null,
            "timeouts": null
          },
          "sensitive_values": {
            "tags_all": {}
          }
        },
        {
          "address": "aws_subnet.public_b",
          "mode": "managed",
          "type": "aws_subnet",
          "name": "public_b",
          "provider_name": "registry.terraform.io/hashicorp/aws",
          "schema_version": 1,
          "values": {
            "assign_ipv6_address_on_creation": false,
            "availability_zone": "eu-west-1b",
            "cidr_block": "10.77.2.0/24",
            "customer_owned_ipv4_pool": null,
            "enable_dns64": false,
            "enable_lni_at_device_index": null,
            "enable_resource_name_dns_a_record_on_launch": false,
            "enable_resource_name_dns_aaaa_record_on_launch": false,
            "ipv6_cidr_block": null,
            "ipv6_native": false,
            "map_customer_owned_ip_on_launch": null,
            "map_public_ip_on_launch": false,
            "outpost_arn": null,
            "tags": null,
            "timeouts": null
          },
          "sensitive_values": {
            "tags_all": {}
          }
        },
        {
          "address": "aws_vpc.main",
          "mode": "managed",
          "type": "aws_vpc",
          "name": "main",
          "provider_name": "registry.terraform.io/hashicorp/aws",
          "schema_version": 1,
          "values": {
            "assign_generated_ipv6_cidr_block": null,
            "cidr_block": "10.77.0.0/16",
            "enable_dns_support": true,
            "instance_tenancy": "default",
            "ipv4_ipam_pool_id": null,
            "ipv4_netmask_length": null,
            "ipv6_ipam_pool_id": null,
            "ipv6_netmask_length": null,
            "tags": null
          },
          "sensitive_values": {
            "tags_all": {}
          }
        }
      ]
    }
  },
  "resource_changes": [
    {
      "address": "aws_autoscaling_group.ecs",
      "mode": "managed",
      "type": "aws_autoscaling_group",
      "name": "ecs",
      "provider_name": "registry.terraform.io/hashicorp/aws",
      "change": {
        "actions": [
          "create"
        ],
        "before": null,
        "after": {
          "capacity_rebalance": null,
          "context": null,
          "default_instance_warmup": null,
          "desired_capacity": 2,
          "desired_capacity_type": null,
          "enabled_metrics": null,
          "force_delete": false,
          "force_delete_warm_pool": false,
          "health_check_grace_period": 300,
          "health_check_type": "EC2",
          "ignore_failed_scaling_activities": false,
          "initial_lifecycle_hook": [],
          "instance_maintenance_policy": [],
          "instance_refresh": [],
          "launch_configuration": null,
          "launch_template": [
            {
              "version": "$Latest"
            }
          ],
          "max_instance_lifetime": null,
          "max_size": 5,
          "metrics_granularity": "1Minute",
          "min_elb_capacity": null,
          "min_size": 1,
          "name_prefix": "ecs-asg-",
          "placement_group": null,
          "protect_from_scale_in": true,
          "suspended_processes": null,
          "tag": [
            {
              "key": "AmazonECSManaged",
              "propagate_at_launch": true,
              "value": "true"
            }
          ],
          "termination_policies": null,
          "timeouts": null,
          "wait_for_capacity_timeout": "10m",
          "wait_for_elb_capacity": null,
          "warm_pool": []
        },
        "after_unknown": {
          "arn": true,
          "availability_zone_distribution": true,
          "availability_zones": true,
          "default_cooldown": true,
          "id": true,
          "initial_lifecycle_hook": [],
          "instance_maintenance_policy": [],
          "instance_refresh": [],
          "launch_template": [
            {
              "id": true,
              "name": true
            }
          ],
          "load_balancers": true,
          "mixed_instances_policy": true,
          "name": true,
          "predicted_capacity": true,
          "service_linked_role_arn": true,
          "tag": [
            {}
          ],
          "target_group_arns": true,
          "traffic_source": true,
          "vpc_zone_identifier": true,
          "warm_pool": [],
          "warm_pool_size": true
        },
        "before_sensitive": false,
        "after_sensitive": {
          "availability_zone_distribution": [],
          "availability_zones": [],
          "initial_lifecycle_hook": [],
          "instance_maintenance_policy": [],
          "instance_refresh": [],
          "launch_template": [
            {}
          ],
          "load_balancers": [],
          "mixed_instances_policy": [],
          "tag": [
            {}
          ],
          "target_group_arns": [],
          "traffic_source": [],
          "vpc_zone_identifier": [],
          "warm_pool": []
        }
      }
    },
    {
      "address": "aws_ecs_capacity_provider.ec2",
      "mode": "managed",
      "type": "aws_ecs_capacity_provider",
      "name": "ec2",
      "provider_name": "registry.terraform.io/hashicorp/aws",
      "change": {
        "actions": [
          "create"
        ],
        "before": null,
        "after": {
          "auto_scaling_group_provider": [
            {
              "managed_scaling": [
                {
                  "maximum_scaling_step_size": 5,
                  "minimum_scaling_step_size": 1,
                  "status": "ENABLED",
                  "target_capacity": 90
                }
              ],
              "managed_termination_protection": "ENABLED"
            }
          ],
          "name": "ec2-capacity-provider",
          "tags": null
        },
        "after_unknown": {
          "arn": true,
          "auto_scaling_group_provider": [
            {
              "auto_scaling_group_arn": true,
              "managed_draining": true,
              "managed_scaling": [
                {
                  "instance_warmup_period": true
                }
              ]
            }
          ],
          "id": true,
          "tags_all": true
        },
        "before_sensitive": false,
        "after_sensitive": {
          "auto_scaling_group_provider": [
            {
              "managed_scaling": [
                {}
              ]
            }
          ],
          "tags_all": {}
        }
      }
    },
    {
      "address": "aws_ecs_cluster.main",
      "mode": "managed",
      "type": "aws_ecs_cluster",
      "name": "main",
      "provider_name": "registry.terraform.io/hashicorp/aws",
      "change": {
        "actions": [
          "create"
        ],
        "before": null,
        "after": {
          "configuration": [],
          "name": "my-ecs-cluster",
          "service_connect_defaults": [],
          "tags": null
        },
        "after_unknown": {
          "arn": true,
          "configuration": [],
          "id": true,
          "service_connect_defaults": [],
          "setting": true,
          "tags_all": true
        },
        "before_sensitive": false,
        "after_sensitive": {
          "configuration": [],
          "service_connect_defaults": [],
          "setting": [],
          "tags_all": {}
        }
      }
    },
    {
      "address": "aws_ecs_cluster_capacity_providers.main",
      "mode": "managed",
      "type": "aws_ecs_cluster_capacity_providers",
      "name": "main",
      "provider_name": "registry.terraform.io/hashicorp/aws",
      "change": {
        "actions": [
          "create"
        ],
        "before": null,
        "after": {
          "capacity_providers": [
            "ec2-capacity-provider"
          ],
          "cluster_name": "my-ecs-cluster",
          "default_capacity_provider_strategy": [
            {
              "base": 0,
              "capacity_provider": "ec2-capacity-provider",
              "weight": 1
            }
          ]
        },
        "after_unknown": {
          "capacity_providers": [
            false
          ],
          "default_capacity_provider_strategy": [
            {}
          ],
          "id": true
        },
        "before_sensitive": false,
        "after_sensitive": {
          "capacity_providers": [
            false
          ],
          "default_capacity_provider_strategy": [
            {}
          ]
        }
      }
    },
    {
      "address": "aws_ecs_service.nginx",
      "mode": "managed",
      "type": "aws_ecs_service",
      "name": "nginx",
      "provider_name": "registry.terraform.io/hashicorp/aws",
      "change": {
        "actions": [
          "create"
        ],
        "before": null,
        "after": {
          "alarms": [],
          "availability_zone_rebalancing": "DISABLED",
          "capacity_provider_strategy": [],
          "deployment_circuit_breaker": [],
          "deployment_controller": [],
          "deployment_maximum_percent": 200,
          "deployment_minimum_healthy_percent": 100,
          "desired_count": 2,
          "enable_ecs_managed_tags": false,
          "enable_execute_command": false,
          "force_delete": null,
          "force_new_deployment": null,
          "health_check_grace_period_seconds": null,
          "launch_type": "EC2",
          "load_balancer": [],
          "name": "nginx-service",
          "network_configuration": [
            {
              "assign_public_ip": true
            }
          ],
          "ordered_placement_strategy": [],
          "placement_constraints": [],
          "propagate_tags": null,
          "scheduling_strategy": "REPLICA",
          "service_connect_configuration": [],
          "service_registries": [],
          "tags": null,
          "timeouts": null,
          "volume_configuration": [],
          "vpc_lattice_configurations": [],
          "wait_for_steady_state": false
        },
        "after_unknown": {
          "alarms": [],
          "capacity_provider_strategy": [],
          "cluster": true,
          "deployment_circuit_breaker": [],
          "deployment_controller": [],
          "iam_role": true,
          "id": true,
          "load_balancer": [],
          "network_configuration": [
            {
              "security_groups": true,
              "subnets": true
            }
          ],
          "ordered_placement_strategy": [],
          "placement_constraints": [],
          "platform_version": true,
          "service_connect_configuration": [],
          "service_registries": [],
          "tags_all": true,
          "task_definition": true,
          "triggers": true,
          "volume_configuration": [],
          "vpc_lattice_configurations": []
        },
        "before_sensitive": false,
        "after_sensitive": {
          "alarms": [],
          "capacity_provider_strategy": [],
          "deployment_circuit_breaker": [],
          "deployment_controller": [],
          "load_balancer": [],
          "network_configuration": [
            {
              "security_groups": [],
              "subnets": []
            }
          ],
          "ordered_placement_strategy": [],
          "placement_constraints": [],
          "service_connect_configuration": [],
          "service_registries": [],
          "tags_all": {},
          "triggers": {},
          "volume_configuration": [],
          "vpc_lattice_configurations": []
        }
      }
    },
    {
      "address": "aws_ecs_task_definition.nginx",
      "mode": "managed",
      "type": "aws_ecs_task_definition",
      "name": "nginx",
      "provider_name": "registry.terraform.io/hashicorp/aws",
      "change": {
        "actions": [
          "create"
        ],
        "before": null,
        "after": {
          "container_definitions": "[{\"cpu\":256,\"essential\":true,\"image\":\"nginx:alpine\",\"memory\":512,\"name\":\"nginx\",\"portMappings\":[{\"containerPort\":80,\"hostPort\":80}]}]",
          "cpu": "256",
          "ephemeral_storage": [],
          "execution_role_arn": "arn:aws:iam::aws:policy/service-role/AmazonECSTaskExecutionRolePolicy",
          "family": "nginx-demo",
          "inference_accelerator": [],
          "ipc_mode": null,
          "memory": "512",
          "network_mode": "awsvpc",
          "pid_mode": null,
          "placement_constraints": [],
          "proxy_configuration": [],
          "requires_compatibilities": [
            "EC2"
          ],
          "runtime_platform": [],
          "skip_destroy": false,
          "tags": null,
          "task_role_arn": null,
          "track_latest": false,
          "volume": []
        },
        "after_unknown": {
          "arn": true,
          "arn_without_revision": true,
          "enable_fault_injection": true,
          "ephemeral_storage": [],
          "id": true,
          "inference_accelerator": [],
          "placement_constraints": [],
          "proxy_configuration": [],
          "requires_compatibilities": [
            false
          ],
          "revision": true,
          "runtime_platform": [],
          "tags_all": true,
          "volume": []
        },
        "before_sensitive": false,
        "after_sensitive": {
          "ephemeral_storage": [],
          "inference_accelerator": [],
          "placement_constraints": [],
          "proxy_configuration": [],
          "requires_compatibilities": [
            false
          ],
          "runtime_platform": [],
          "tags_all": {},
          "volume": []
        }
      }
    },
    {
      "address": "aws_iam_instance_profile.ecs_agent",
      "mode": "managed",
      "type": "aws_iam_instance_profile",
      "name": "ecs_agent",
      "provider_name": "registry.terraform.io/hashicorp/aws",
      "change": {
        "actions": [
          "create"
        ],
        "before": null,
        "after": {
          "name": "ecs-agent-profile",
          "path": "/",
          "role": "ecs-agent-role",
          "tags": null
        },
        "after_unknown": {
          "arn": true,
          "create_date": true,
          "id": true,
          "name_prefix": true,
          "tags_all": true,
          "unique_id": true
        },
        "before_sensitive": false,
        "after_sensitive": {
          "tags_all": {}
        }
      }
    },
    {
      "address": "aws_iam_role.ecs_agent",
      "mode": "managed",
      "type": "aws_iam_role",
      "name": "ecs_agent",
      "provider_name": "registry.terraform.io/hashicorp/aws",
      "change": {
        "actions": [
          "create"
        ],
        "before": null,
        "after": {
          "assume_role_policy": "{\"Statement\":[{\"Action\":\"sts:AssumeRole\",\"Effect\":\"Allow\",\"Principal\":{\"Service\":\"ec2.amazonaws.com\"}}],\"Version\":\"2012-10-17\"}",
          "description": null,
          "force_detach_policies": false,
          "max_session_duration": 3600,
          "name": "ecs-agent-role",
          "path": "/",
          "permissions_boundary": null,
          "tags": null
        },
        "after_unknown": {
          "arn": true,
          "create_date": true,
          "id": true,
          "inline_policy": true,
          "managed_policy_arns": true,
          "name_prefix": true,
          "tags_all": true,
          "unique_id": true
        },
        "before_sensitive": false,
        "after_sensitive": {
          "inline_policy": [],
          "managed_policy_arns": [],
          "tags_all": {}
        }
      }
    },
    {
      "address": "aws_iam_role_policy_attachment.ecs_agent_policy",
      "mode": "managed",
      "type": "aws_iam_role_policy_attachment",
      "name": "ecs_agent_policy",
      "provider_name": "registry.terraform.io/hashicorp/aws",
      "change": {
        "actions": [
          "create"
        ],
        "before": null,
        "after": {
          "policy_arn": "arn:aws:iam::aws:policy/service-role/AmazonEC2ContainerServiceforEC2Role",
          "role": "ecs-agent-role"
        },
        "after_unknown": {
          "id": true
        },
        "before_sensitive": false,
        "after_sensitive": {}
      }
    },
    {
      "address": "aws_internet_gateway.igw",
      "mode": "managed",
      "type": "aws_internet_gateway",
      "name": "igw",
      "provider_name": "registry.terraform.io/hashicorp/aws",
      "change": {
        "actions": [
          "create"
        ],
        "before": null,
        "after": {
          "tags": null,
          "timeouts": null
        },
        "after_unknown": {
          "arn": true,
          "id": true,
          "owner_id": true,
          "tags_all": true,
          "vpc_id": true
        },
        "before_sensitive": false,
        "after_sensitive": {
          "tags_all": {}
        }
      }
    },
    {
      "address": "aws_launch_template.ecs_lt",
      "mode": "managed",
      "type": "aws_launch_template",
      "name": "ecs_lt",
      "provider_name": "registry.terraform.io/hashicorp/aws",
      "change": {
        "actions": [
          "create"
        ],
        "before": null,
        "after": {
          "block_device_mappings": [],
          "capacity_reservation_specification": [],
          "cpu_options": [],
          "credit_specification": [],
          "description": null,
          "disable_api_stop": null,
          "disable_api_termination": null,
          "ebs_optimized": null,
          "elastic_gpu_specifications": [],
          "elastic_inference_accelerator": [],
          "enclave_options": [],
          "hibernation_options": [],
          "iam_instance_profile": [
            {
              "arn": null,
              "name": "ecs-agent-profile"
            }
          ],
          "image_id": "nginx",
          "instance_initiated_shutdown_behavior": null,
          "instance_market_options": [],
          "instance_requirements": [],
          "instance_type": "t3.medium",
          "kernel_id": null,
          "key_name": null,
          "license_specification": [],
          "maintenance_options": [],
          "monitoring": [],
          "name_prefix": "ecs-ec2-lt-",
          "network_interfaces": [
            {
              "associate_carrier_ip_address": null,
              "associate_public_ip_address": "true",
              "connection_tracking_specification": [],
              "delete_on_termination": null,
              "description": null,
              "device_index": null,
              "interface_type": null,
              "ipv4_address_count": null,
              "ipv4_addresses": null,
              "ipv4_prefix_count": null,
              "ipv4_prefixes": null,
              "ipv6_address_count": null,
              "ipv6_addresses": null,
              "ipv6_prefix_count": null,
              "ipv6_prefixes": null,
              "network_card_index": null,
              "network_interface_id": null,
              "primary_ipv6": null,
              "private_ip_address": null,
              "subnet_id": null
            }
          ],
          "placement": [],
          "private_dns_name_options": [],
          "ram_disk_id": null,
          "security_group_names": null,
          "tag_specifications": [
            {
              "resource_type": "instance",
              "tags": {
                "Name": "ECS-EC2-instance"
              }
            }
          ],
          "tags": null,
          "update_default_version": null,
          "user_data": "IyEvYmluL2Jhc2gKZWNobyBFQ1NfQ0xVU1RFUj1teS1lY3MtY2x1c3RlciA+PiAvZXRjL2Vjcy9lY3MuY29uZmlnCiMgT3B0aW9uYWw6IG1vcmUgdHVuaW5nCiMgZWNobyBFQ1NfRU5BQkxFX0NPTlRBSU5FUl9NRVRBREFUQT10cnVlID4+IC9ldGMvZWNzL2Vjcy5jb25maWcK",
          "vpc_security_group_ids": null
        },
        "after_unknown": {
          "arn": true,
          "block_device_mappings": [],
          "capacity_reservation_specification": [],
          "cpu_options": [],
          "credit_specification": [],
          "default_version": true,
          "elastic_gpu_specifications": [],
          "elastic_inference_accelerator": [],
          "enclave_options": [],
          "hibernation_options": [],
          "iam_instance_profile": [
            {}
          ],
          "id": true,
          "instance_market_options": [],
          "instance_requirements": [],
          "latest_version": true,
          "license_specification": [],
          "maintenance_options": [],
          "metadata_options": true,
          "monitoring": [],
          "name": true,
          "network_interfaces": [
            {
              "connection_tracking_specification": [],
              "security_groups": true
            }
          ],
          "placement": [],
          "private_dns_name_options": [],
          "tag_specifications": [
            {
              "tags": {}
            }
          ],
          "tags_all": true
        },
        "before_sensitive": false,
        "after_sensitive": {
          "block_device_mappings": [],
          "capacity_reservation_specification": [],
          "cpu_options": [],
          "credit_specification": [],
          "elastic_gpu_specifications": [],
          "elastic_inference_accelerator": [],
          "enclave_options": [],
          "hibernation_options": [],
          "iam_instance_profile": [
            {}
          ],
          "instance_market_options": [],
          "instance_requirements": [],
          "license_specification": [],
          "maintenance_options": [],
          "metadata_options": [],
          "monitoring": [],
          "network_interfaces": [
            {
              "connection_tracking_specification": [],
              "security_groups": []
            }
          ],
          "placement": [],
          "private_dns_name_options": [],
          "tag_specifications": [
            {
              "tags": {}
            }
          ],
          "tags_all": {}
        }
      }
    },
    {
      "address": "aws_route_table.public",
      "mode": "managed",
      "type": "aws_route_table",
      "name": "public",
      "provider_name": "registry.terraform.io/hashicorp/aws",
      "change": {
        "actions": [
          "create"
        ],
        "before": null,
        "after": {
          "route": [
            {
              "carrier_gateway_id": "",
              "cidr_block": "0.0.0.0/0",
              "core_network_arn": "",
              "destination_prefix_list_id": "",
              "egress_only_gateway_id": "",
              "ipv6_cidr_block": "",
              "local_gateway_id": "",
              "nat_gateway_id": "",
              "network_interface_id": "",
              "transit_gateway_id": "",
              "vpc_endpoint_id": "",
              "vpc_peering_connection_id": ""
            }
          ],
          "tags": null,
          "timeouts": null
        },
        "after_unknown": {
          "arn": true,
          "id": true,
          "owner_id": true,
          "propagating_vgws": true,
          "route": [
            {
              "gateway_id": true
            }
          ],
          "tags_all": true,
          "vpc_id": true
        },
        "before_sensitive": false,
        "after_sensitive": {
          "propagating_vgws": [],
          "route": [
            {}
          ],
          "tags_all": {}
        }
      }
    },
    {
      "address": "aws_route_table_association.a",
      "mode": "managed",
      "type": "aws_route_table_association",
      "name": "a",
      "provider_name": "registry.terraform.io/hashicorp/aws",
      "change": {
        "actions": [
          "create"
        ],
        "before": null,
        "after": {
          "gateway_id": null,
          "timeouts": null
        },
        "after_unknown": {
          "id": true,
          "route_table_id": true,
          "subnet_id": true
        },
        "before_sensitive": false,
        "after_sensitive": {}
      }
    },
    {
      "address": "aws_route_table_association.b",
      "mode": "managed",
      "type": "aws_route_table_association",
      "name": "b",
      "provider_name": "registry.terraform.io/hashicorp/aws",
      "change": {
        "actions": [
          "create"
        ],
        "before": null,
        "after": {
          "gateway_id": null,
          "timeouts": null
        },
        "after_unknown": {
          "id": true,
          "route_table_id": true,
          "subnet_id": true
        },
        "before_sensitive": false,
        "after_sensitive": {}
      }
    },
    {
      "address": "aws_security_group.alb",
      "mode": "managed",
      "type": "aws_security_group",
      "name": "alb",
      "provider_name": "registry.terraform.io/hashicorp/aws",
      "change": {
        "actions": [
          "create"
        ],
        "before": null,
        "after": {
          "description": "Managed by Terraform",
          "egress": [
            {
              "cidr_blocks": [
                "0.0.0.0/0"
              ],
              "description": "",
              "from_port": 0,
              "ipv6_cidr_blocks": [],
              "prefix_list_ids": [],
              "protocol": "-1",
              "security_groups": [],
              "self": false,
              "to_port": 0
            }
          ],
          "ingress": [
            {
              "cidr_blocks": [
                "0.0.0.0/0"
              ],
              "description": "",
              "from_port": 80,
              "ipv6_cidr_blocks": [],
              "prefix_list_ids": [],
              "protocol": "tcp",
              "security_groups": [],
              "self": false,
              "to_port": 80
            }
          ],
          "name": "alb-sg",
          "revoke_rules_on_delete": false,
          "tags": null,
          "timeouts": null
        },
        "after_unknown": {
          "arn": true,
          "egress": [
            {
              "cidr_blocks": [
                false
              ],
              "ipv6_cidr_blocks": [],
              "prefix_list_ids": [],
              "security_groups": []
            }
          ],
          "id": true,
          "ingress": [
            {
              "cidr_blocks": [
                false
              ],
              "ipv6_cidr_blocks": [],
              "prefix_list_ids": [],
              "security_groups": []
            }
          ],
          "name_prefix": true,
          "owner_id": true,
          "tags_all": true,
          "vpc_id": true
        },
        "before_sensitive": false,
        "after_sensitive": {
          "egress": [
            {
              "cidr_blocks": [
                false
              ],
              "ipv6_cidr_blocks": [],
              "prefix_list_ids": [],
              "security_groups": []
            }
          ],
          "ingress": [
            {
              "cidr_blocks": [
                false
              ],
              "ipv6_cidr_blocks": [],
              "prefix_list_ids": [],
              "security_groups": []
            }
          ],
          "tags_all": {}
        }
      }
    },
    {
      "address": "aws_security_group.ecs_instances",
      "mode": "managed",
      "type": "aws_security_group",
      "name": "ecs_instances",
      "provider_name": "registry.terraform.io/hashicorp/aws",
      "change": {
        "actions": [
          "create"
        ],
        "before": null,
        "after": {
          "description": "Managed by Terraform",
          "egress": [
            {
              "cidr_blocks": [
                "0.0.0.0/0"
              ],
              "description": "",
              "from_port": 0,
              "ipv6_cidr_blocks": [],
              "prefix_list_ids": [],
              "protocol": "-1",
              "security_groups": [],
              "self": false,
              "to_port": 0
            }
          ],
          "ingress": [
            {
              "cidr_blocks": [
                "YOUR_IP/32"
              ],
              "description": "",
              "from_port": 22,
              "ipv6_cidr_blocks": [],
              "prefix_list_ids": [],
              "protocol": "tcp",
              "security_groups": [],
              "self": false,
              "to_port": 22
            },
            {
              "cidr_blocks": [],
              "description": "",
              "from_port": 0,
              "ipv6_cidr_blocks": [],
              "prefix_list_ids": [],
              "protocol": "-1",
              "self": false,
              "to_port": 0
            }
          ],
          "name": "ecs-instances-sg",
          "revoke_rules_on_delete": false,
          "tags": null,
          "timeouts": null
        },
        "after_unknown": {
          "arn": true,
          "egress": [
            {
              "cidr_blocks": [
                false
              ],
              "ipv6_cidr_blocks": [],
              "prefix_list_ids": [],
              "security_groups": []
            }
          ],
          "id": true,
          "ingress": [
            {
              "cidr_blocks": [
                false
              ],
              "ipv6_cidr_blocks": [],
              "prefix_list_ids": [],
              "security_groups": []
            },
            {
              "cidr_blocks": [],
              "ipv6_cidr_blocks": [],
              "prefix_list_ids": [],
              "security_groups": true
            }
          ],
          "name_prefix": true,
          "owner_id": true,
          "tags_all": true,
          "vpc_id": true
        },
        "before_sensitive": false,
        "after_sensitive": {
          "egress": [
            {
              "cidr_blocks": [
                false
              ],
              "ipv6_cidr_blocks": [],
              "prefix_list_ids": [],
              "security_groups": []
            }
          ],
          "ingress": [
            {
              "cidr_blocks": [
                false
              ],
              "ipv6_cidr_blocks": [],
              "prefix_list_ids": [],
              "security_groups": []
            },
            {
              "cidr_blocks": [],
              "ipv6_cidr_blocks": [],
              "prefix_list_ids": [],
              "security_groups": []
            }
          ],
          "tags_all": {}
        }
      }
    },
    {
      "address": "aws_subnet.public_a",
      "mode": "managed",
      "type": "aws_subnet",
      "name": "public_a",
      "provider_name": "registry.terraform.io/hashicorp/aws",
      "change": {
        "actions": [
          "create"
        ],
        "before": null,
        "after": {
          "assign_ipv6_address_on_creation": false,
          "availability_zone": "eu-west-1a",
          "cidr_block": "10.77.1.0/24",
          "customer_owned_ipv4_pool": null,
          "enable_dns64": false,
          "enable_lni_at_device_index": null,
          "enable_resource_name_dns_a_record_on_launch": false,
          "enable_resource_name_dns_aaaa_record_on_launch": false,
          "ipv6_cidr_block": null,
          "ipv6_native": false,
          "map_customer_owned_ip_on_launch": null,
          "map_public_ip_on_launch": false,
          "outpost_arn": null,
          "tags": null,
          "timeouts": null
        },
        "after_unknown": {
          "arn": true,
          "availability_zone_id": true,
          "id": true,
          "ipv6_cidr_block_association_id": true,
          "owner_id": true,
          "private_dns_hostname_type_on_launch": true,
          "tags_all": true,
          "vpc_id": true
        },
        "before_sensitive": false,
        "after_sensitive": {
          "tags_all": {}
        }
      }
    },
    {
      "address": "aws_subnet.public_b",
      "mode": "managed",
      "type": "aws_subnet",
      "name": "public_b",
      "provider_name": "registry.terraform.io/hashicorp/aws",
      "change": {
        "actions": [
          "create"
        ],
        "before": null,
        "after": {
          "assign_ipv6_address_on_creation": false,
          "availability_zone": "eu-west-1b",
          "cidr_block": "10.77.2.0/24",
          "customer_owned_ipv4_pool": null,
          "enable_dns64": false,
          "enable_lni_at_device_index": null,
          "enable_resource_name_dns_a_record_on_launch": false,
          "enable_resource_name_dns_aaaa_record_on_launch": false,
          "ipv6_cidr_block": null,
          "ipv6_native": false,
          "map_customer_owned_ip_on_launch": null,
          "map_public_ip_on_launch": false,
          "outpost_arn": null,
          "tags": null,
          "timeouts": null
        },
        "after_unknown": {
          "arn": true,
          "availability_zone_id": true,
          "id": true,
          "ipv6_cidr_block_association_id": true,
          "owner_id": true,
          "private_dns_hostname_type_on_launch": true,
          "tags_all": true,
          "vpc_id": true
        },
        "before_sensitive": false,
        "after_sensitive": {
          "tags_all": {}
        }
      }
    },
    {
      "address": "aws_vpc.main",
      "mode": "managed",
      "type": "aws_vpc",
      "name": "main",
      "provider_name": "registry.terraform.io/hashicorp/aws",
      "change": {
        "actions": [
          "create"
        ],
        "before": null,
        "after": {
          "assign_generated_ipv6_cidr_block": null,
          "cidr_block": "10.77.0.0/16",
          "enable_dns_support": true,
          "instance_tenancy": "default",
          "ipv4_ipam_pool_id": null,
          "ipv4_netmask_length": null,
          "ipv6_ipam_pool_id": null,
          "ipv6_netmask_length": null,
          "tags": null
        },
        "after_unknown": {
          "arn": true,
          "default_network_acl_id": true,
          "default_route_table_id": true,
          "default_security_group_id": true,
          "dhcp_options_id": true,
          "enable_dns_hostnames": true,
          "enable_network_address_usage_metrics": true,
          "id": true,
          "ipv6_association_id": true,
          "ipv6_cidr_block": true,
          "ipv6_cidr_block_network_border_group": true,
          "main_route_table_id": true,
          "owner_id": true,
          "tags_all": true
        },
        "before_sensitive": false,
        "after_sensitive": {
          "tags_all": {}
        }
      }
    }
  ],
  "configuration": {
    "provider_config": {
      "aws": {
        "name": "aws",
        "full_name": "registry.terraform.io/hashicorp/aws",
        "version_constraint": "5.87.0",
        "expressions": {
          "access_key": {
            "constant_value": "test"
          },
          "endpoints": [
            {
              "apigateway": {
                "constant_value": "http://localhost:4566"
              },
              "apigatewayv2": {
                "constant_value": "http://localhost:4566"
              },
              "cloudformation": {
                "constant_value": "http://localhost:4566"
              },
              "cloudwatch": {
                "constant_value": "http://localhost:4566"
              },
              "dynamodb": {
                "constant_value": "http://localhost:4566"
              },
              "ec2": {
                "constant_value": "http://localhost:4566"
              },
              "elasticache": {
                "constant_value": "http://localhost:4566"
              },
              "es": {
                "constant_value": "http://localhost:4566"
              },
              "firehose": {
                "constant_value": "http://localhost:4566"
              },
              "iam": {
                "constant_value": "http://localhost:4566"
              },
              "kinesis": {
                "constant_value": "http://localhost:4566"
              },
              "lambda": {
                "constant_value": "http://localhost:4566"
              },
              "rds": {
                "constant_value": "http://localhost:4566"
              },
              "redshift": {
                "constant_value": "http://localhost:4566"
              },
              "route53": {
                "constant_value": "http://localhost:4566"
              },
              "s3": {
                "constant_value": "http://s3.localhost.localstack.cloud:4566"
              },
              "secretsmanager": {
                "constant_value": "http://localhost:4566"
              },
              "ses": {
                "constant_value": "http://localhost:4566"
              },
              "sns": {
                "constant_value": "http://localhost:4566"
              },
              "sqs": {
                "constant_value": "http://localhost:4566"
              },
              "ssm": {
                "constant_value": "http://localhost:4566"
              },
              "stepfunctions": {
                "constant_value": "http://localhost:4566"
              },
              "sts": {
                "constant_value": "http://localhost:4566"
              }
            }
          ],
          "region": {
            "constant_value": "us-east-1"
          },
          "s3_use_path_style": {
            "constant_value": false
          },
          "secret_key": {
            "constant_value": "test"
          },
          "skip_credentials_validation": {
            "constant_value": true
          },
          "skip_metadata_api_check": {
            "constant_value": true
          },
          "skip_requesting_account_id": {
            "constant_value": true
          }
        }
      }
    },
    "root_module": {
      "resources": [
        {
          "address": "aws_autoscaling_group.ecs",
          "mode": "managed",
          "type": "aws_autoscaling_group",
          "name": "ecs",
          "provider_config_key": "aws",
          "expressions": {
            "desired_capacity": {
              "constant_value": 2
            },
            "health_check_grace_period": {
              "constant_value": 300
            },
            "health_check_type": {
              "constant_value": "EC2"
            },
            "launch_template": [
              {
                "id": {
                  "references": [
                    "aws_launch_template.ecs_lt.id",
                    "aws_launch_template.ecs_lt"
                  ]
                },
                "version": {
                  "constant_value": "$Latest"
                }
              }
            ],
            "max_size": {
              "constant_value": 5
            },
            "min_size": {
              "constant_value": 1
            },
            "name_prefix": {
              "constant_value": "ecs-asg-"
            },
            "protect_from_scale_in": {
              "constant_value": true
            },
            "tag": [
              {
                "key": {
                  "constant_value": "AmazonECSManaged"
                },
                "propagate_at_launch": {
                  "constant_value": true
                },
                "value": {
                  "constant_value": true
                }
              }
            ],
            "vpc_zone_identifier": {
              "references": [
                "aws_subnet.public_a.id",
                "aws_subnet.public_a",
                "aws_subnet.public_b.id",
                "aws_subnet.public_b"
              ]
            }
          },
          "schema_version": 1
        },
        {
          "address": "aws_ecs_capacity_provider.ec2",
          "mode": "managed",
          "type": "aws_ecs_capacity_provider",
          "name": "ec2",
          "provider_config_key": "aws",
          "expressions": {
            "auto_scaling_group_provider": [
              {
                "auto_scaling_group_arn": {
                  "references": [
                    "aws_autoscaling_group.ecs.arn",
                    "aws_autoscaling_group.ecs"
                  ]
                },
                "managed_scaling": [
                  {
                    "maximum_scaling_step_size": {
                      "constant_value": 5
                    },
                    "minimum_scaling_step_size": {
                      "constant_value": 1
                    },
                    "status": {
                      "constant_value": "ENABLED"
                    },
                    "target_capacity": {
                      "constant_value": 90
                    }
                  }
                ],
                "managed_termination_protection": {
                  "constant_value": "ENABLED"
                }
              }
            ],
            "name": {
              "constant_value": "ec2-capacity-provider"
            }
          },
          "schema_version": 0
        },
        {
          "address": "aws_ecs_cluster.main",
          "mode": "managed",
          "type": "aws_ecs_cluster",
          "name": "main",
          "provider_config_key": "aws",
          "expressions": {
            "name": {
              "constant_value": "my-ecs-cluster"
            }
          },
          "schema_version": 0
        },
        {
          "address": "aws_ecs_cluster_capacity_providers.main",
          "mode": "managed",
          "type": "aws_ecs_cluster_capacity_providers",
          "name": "main",
          "provider_config_key": "aws",
          "expressions": {
            "capacity_providers": {
              "references": [
                "aws_ecs_capacity_provider.ec2.name",
                "aws_ecs_capacity_provider.ec2"
              ]
            },
            "cluster_name": {
              "references": [
                "aws_ecs_cluster.main.name",
                "aws_ecs_cluster.main"
              ]
            },
            "default_capacity_provider_strategy": [
              {
                "base": {
                  "constant_value": 0
                },
                "capacity_provider": {
                  "references": [
                    "aws_ecs_capacity_provider.ec2.name",
                    "aws_ecs_capacity_provider.ec2"
                  ]
                },
                "weight": {
                  "constant_value": 1
                }
              }
            ]
          },
          "schema_version": 0
        },
        {
          "address": "aws_ecs_service.nginx",
          "mode": "managed",
          "type": "aws_ecs_service",
          "name": "nginx",
          "provider_config_key": "aws",
          "expressions": {
            "cluster": {
              "references": [
                "aws_ecs_cluster.main.id",
                "aws_ecs_cluster.main"
              ]
            },
            "desired_count": {
              "constant_value": 2
            },
            "launch_type": {
              "constant_value": "EC2"
            },
            "name": {
              "constant_value": "nginx-service"
            },
            "network_configuration": [
              {
                "assign_public_ip": {
                  "constant_value": true
                },
                "security_groups": {
                  "references": [
                    "aws_security_group.ecs_instances.id",
                    "aws_security_group.ecs_instances"
                  ]
                },
                "subnets": {
                  "references": [
                    "aws_subnet.public_a.id",
                    "aws_subnet.public_a",
                    "aws_subnet.public_b.id",
                    "aws_subnet.public_b"
                  ]
                }
              }
            ],
            "task_definition": {
              "references": [
                "aws_ecs_task_definition.nginx.arn",
                "aws_ecs_task_definition.nginx"
              ]
            }
          },
          "schema_version": 1
        },
        {
          "address": "aws_ecs_task_definition.nginx",
          "mode": "managed",
          "type": "aws_ecs_task_definition",
          "name": "nginx",
          "provider_config_key": "aws",
          "expressions": {
            "container_definitions": {},
            "cpu": {
              "constant_value": "256"
            },
            "execution_role_arn": {
              "constant_value": "arn:aws:iam::aws:policy/service-role/AmazonECSTaskExecutionRolePolicy"
            },
            "family": {
              "constant_value": "nginx-demo"
            },
            "memory": {
              "constant_value": "512"
            },
            "network_mode": {
              "constant_value": "awsvpc"
            },
            "requires_compatibilities": {
              "constant_value": [
                "EC2"
              ]
            }
          },
          "schema_version": 1
        },
        {
          "address": "aws_iam_instance_profile.ecs_agent",
          "mode": "managed",
          "type": "aws_iam_instance_profile",
          "name": "ecs_agent",
          "provider_config_key": "aws",
          "expressions": {
            "name": {
              "constant_value": "ecs-agent-profile"
            },
            "role": {
              "references": [
                "aws_iam_role.ecs_agent.name",
                "aws_iam_role.ecs_agent"
              ]
            }
          },
          "schema_version": 0
        },
        {
          "address": "aws_iam_role.ecs_agent",
          "mode": "managed",
          "type": "aws_iam_role",
          "name": "ecs_agent",
          "provider_config_key": "aws",
          "expressions": {
            "assume_role_policy": {},
            "name": {
              "constant_value": "ecs-agent-role"
            }
          },
          "schema_version": 0
        },
        {
          "address": "aws_iam_role_policy_attachment.ecs_agent_policy",
          "mode": "managed",
          "type": "aws_iam_role_policy_attachment",
          "name": "ecs_agent_policy",
          "provider_config_key": "aws",
          "expressions": {
            "policy_arn": {
              "constant_value": "arn:aws:iam::aws:policy/service-role/AmazonEC2ContainerServiceforEC2Role"
            },
            "role": {
              "references": [
                "aws_iam_role.ecs_agent.name",
                "aws_iam_role.ecs_agent"
              ]
            }
          },
          "schema_version": 0
        },
        {
          "address": "aws_internet_gateway.igw",
          "mode": "managed",
          "type": "aws_internet_gateway",
          "name": "igw",
          "provider_config_key": "aws",
          "expressions": {
            "vpc_id": {
              "references": [
                "aws_vpc.main.id",
                "aws_vpc.main"
              ]
            }
          },
          "schema_version": 0
        },
        {
          "address": "aws_launch_template.ecs_lt",
          "mode": "managed",
          "type": "aws_launch_template",
          "name": "ecs_lt",
          "provider_config_key": "aws",
          "expressions": {
            "iam_instance_profile": [
              {
                "name": {
                  "references": [
                    "aws_iam_instance_profile.ecs_agent.name",
                    "aws_iam_instance_profile.ecs_agent"
                  ]
                }
              }
            ],
            "image_id": {
              "constant_value": "nginx"
            },
            "instance_type": {
              "constant_value": "t3.medium"
            },
            "name_prefix": {
              "constant_value": "ecs-ec2-lt-"
            },
            "network_interfaces": [
              {
                "associate_public_ip_address": {
                  "constant_value": true
                },
                "security_groups": {
                  "references": [
                    "aws_security_group.ecs_instances.id",
                    "aws_security_group.ecs_instances"
                  ]
                }
              }
            ],
            "tag_specifications": [
              {
                "resource_type": {
                  "constant_value": "instance"
                },
                "tags": {
                  "constant_value": {
                    "Name": "ECS-EC2-instance"
                  }
                }
              }
            ],
            "user_data": {
              "references": [
                "aws_ecs_cluster.main.name",
                "aws_ecs_cluster.main"
              ]
            }
          },
          "schema_version": 0
        },
        {
          "address": "aws_route_table.public",
          "mode": "managed",
          "type": "aws_route_table",
          "name": "public",
          "provider_config_key": "aws",
          "expressions": {
            "route": {
              "references": [
                "aws_internet_gateway.igw.id",
                "aws_internet_gateway.igw"
              ]
            },
            "vpc_id": {
              "references": [
                "aws_vpc.main.id",
                "aws_vpc.main"
              ]
            }
          },
          "schema_version": 0
        },
        {
          "address": "aws_route_table_association.a",
          "mode": "managed",
          "type": "aws_route_table_association",
          "name": "a",
          "provider_config_key": "aws",
          "expressions": {
            "route_table_id": {
              "references": [
                "aws_route_table.public.id",
                "aws_route_table.public"
              ]
            },
            "subnet_id": {
              "references": [
                "aws_subnet.public_a.id",
                "aws_subnet.public_a"
              ]
            }
          },
          "schema_version": 0
        },
        {
          "address": "aws_route_table_association.b",
          "mode": "managed",
          "type": "aws_route_table_association",
          "name": "b",
          "provider_config_key": "aws",
          "expressions": {
            "route_table_id": {
              "references": [
                "aws_route_table.public.id",
                "aws_route_table.public"
              ]
            },
            "subnet_id": {
              "references": [
                "aws_subnet.public_b.id",
                "aws_subnet.public_b"
              ]
            }
          },
          "schema_version": 0
        },
        {
          "address": "aws_security_group.alb",
          "mode": "managed",
          "type": "aws_security_group",
          "name": "alb",
          "provider_config_key": "aws",
          "expressions": {
            "egress": {
              "constant_value": [
                {
                  "cidr_blocks": [
                    "0.0.0.0/0"
                  ],
                  "description": null,
                  "from_port": 0,
                  "ipv6_cidr_blocks": null,
                  "prefix_list_ids": null,
                  "protocol": "-1",
                  "security_groups": null,
                  "self": null,
                  "to_port": 0
                }
              ]
            },
            "ingress": {
              "constant_value": [
                {
                  "cidr_blocks": [
                    "0.0.0.0/0"
                  ],
                  "description": null,
                  "from_port": 80,
                  "ipv6_cidr_blocks": null,
                  "prefix_list_ids": null,
                  "protocol": "tcp",
                  "security_groups": null,
                  "self": null,
                  "to_port": 80
                }
              ]
            },
            "name": {
              "constant_value": "alb-sg"
            },
            "vpc_id": {
              "references": [
                "aws_vpc.main.id",
                "aws_vpc.main"
              ]
            }
          },
          "schema_version": 1
        },
        {
          "address": "aws_security_group.ecs_instances",
          "mode": "managed",
          "type": "aws_security_group",
          "name": "ecs_instances",
          "provider_config_key": "aws",
          "expressions": {
            "egress": {
              "constant_value": [
                {
                  "cidr_blocks": [
                    "0.0.0.0/0"
                  ],
                  "description": null,
                  "from_port": 0,
                  "ipv6_cidr_blocks": null,
                  "prefix_list_ids": null,
                  "protocol": "-1",
                  "security_groups": null,
                  "self": null,
                  "to_port": 0
                }
              ]
            },
            "ingress": {
              "references": [
                "aws_security_group.alb.id",
                "aws_security_group.alb"
              ]
            },
            "name": {
              "constant_value": "ecs-instances-sg"
            },
            "vpc_id": {
              "references": [
                "aws_vpc.main.id",
                "aws_vpc.main"
              ]
            }
          },
          "schema_version": 1
        },
        {
          "address": "aws_subnet.public_a",
          "mode": "managed",
          "type": "aws_subnet",
          "name": "public_a",
          "provider_config_key": "aws",
          "expressions": {
            "availability_zone": {
              "constant_value": "eu-west-1a"
            },
            "cidr_block": {
              "constant_value": "10.77.1.0/24"
            },
            "vpc_id": {
              "references": [
                "aws_vpc.main.id",
                "aws_vpc.main"
              ]
            }
          },
          "schema_version": 1
        },
        {
          "address": "aws_subnet.public_b",
          "mode": "managed",
          "type": "aws_subnet",
          "name": "public_b",
          "provider_config_key": "aws",
          "expressions": {
            "availability_zone": {
              "constant_value": "eu-west-1b"
            },
            "cidr_block": {
              "constant_value": "10.77.2.0/24"
            },
            "vpc_id": {
              "references": [
                "aws_vpc.main.id",
                "aws_vpc.main"
              ]
            }
          },
          "schema_version": 1
        },
        {
          "address": "aws_vpc.main",
          "mode": "managed",
          "type": "aws_vpc",
          "name": "main",
          "provider_config_key": "aws",
          "expressions": {
            "cidr_block": {
              "constant_value": "10.77.0.0/16"
            }
          },
          "schema_version": 1
        }
      ]
    }
  },
  "relevant_attributes": [
    {
      "resource": "aws_internet_gateway.igw",
      "attribute": [
        "id"
      ]
    },
    {
      "resource": "aws_launch_template.ecs_lt",
      "attribute": [
        "id"
      ]
    },
    {
      "resource": "aws_ecs_capacity_provider.ec2",
      "attribute": [
        "name"
      ]
    },
    {
      "resource": "aws_iam_instance_profile.ecs_agent",
      "attribute": [
        "name"
      ]
    },
    {
      "resource": "aws_subnet.public_b",
      "attribute": [
        "id"
      ]
    },
    {
      "resource": "aws_ecs_cluster.main",
      "attribute": [
        "name"
      ]
    },
    {
      "resource": "aws_route_table.public",
      "attribute": [
        "id"
      ]
    },
    {
      "resource": "aws_ecs_task_definition.nginx",
      "attribute": [
        "arn"
      ]
    },
    {
      "resource": "aws_security_group.ecs_instances",
      "attribute": [
        "id"
      ]
    },
    {
      "resource": "aws_iam_role.ecs_agent",
      "attribute": [
        "name"
      ]
    },
    {
      "resource": "aws_vpc.main",
      "attribute": [
        "id"
      ]
    },
    {
      "resource": "aws_security_group.alb",
      "attribute": [
        "id"
      ]
    },
    {
      "resource": "aws_autoscaling_group.ecs",
      "attribute": [
        "arn"
      ]
    },
    {
      "resource": "aws_ecs_cluster.main",
      "attribute": [
        "id"
      ]
    },
    {
      "resource": "aws_subnet.public_a",
      "attribute": [
        "id"
      ]
    }
  ],
  "timestamp": "2026-02-13T21:24:41Z",
  "applyable": true,
  "complete": true,
  "errored": false
}